
Microsoft Visual Studio Solution File, Format Version 12.00
# Visual Studio Version 17
VisualStudioVersion = 17.11.35222.181
MinimumVisualStudioVersion = 10.0.40219.1
Project("{FAE04EC0-301F-11D3-BF4B-00C04F79EFBC}") = "PE_StringFormatting_JRB", "PE_StringFormatting_JRB.csproj", "{C5A29646-3D23-4ECB-B538-A7D14B389E90}"
EndProject
Global
	GlobalSection(SolutionConfigurationPlatforms) = preSolution
		Debug|Any CPU = Debug|Any CPU
		Release|Any CPU = Release|Any CPU
	EndGlobalSection
	GlobalSection(ProjectConfigurationPlatforms) = postSolution
		{C5A29646-3D23-4ECB-B538-A7D14B389E90}.Debug|Any CPU.ActiveCfg = Debug|Any CPU
		{C5A29646-3D23-4ECB-B538-A7D14B389E90}.Debug|Any CPU.Build.0 = Debug|Any CPU
		{C5A29646-3D23-4ECB-B538-A7D14B389E90}.Release|Any CPU.ActiveCfg = Release|Any CPU
		{C5A29646-3D23-4ECB-B538-A7D14B389E90}.Release|Any CPU.Build.0 = Release|Any CPU
	EndGlobalSection
	GlobalSection(SolutionProperties) = preSolution
		HideSolutionNode = FALSE
	EndGlobalSection
	GlobalSection(ExtensibilityGlobals) = postSolution
		SolutionGuid = {B24D9A01-5B2F-4C20-9CB4-2205C523701A}
	EndGlobalSection
EndGlobal
