
Microsoft Visual Studio Solution File, Format Version 12.00
# Visual Studio Version 17
VisualStudioVersion = 17.11.35222.181
MinimumVisualStudioVersion = 10.0.40219.1
Project("{FAE04EC0-301F-11D3-BF4B-00C04F79EFBC}") = "PE_StaticHelperMethods_JRB", "PE_StaticHelperMethods_JRB.csproj", "{97D2E13B-9538-40C6-BFB5-E041683354CB}"
EndProject
Global
	GlobalSection(SolutionConfigurationPlatforms) = preSolution
		Debug|Any CPU = Debug|Any CPU
		Release|Any CPU = Release|Any CPU
	EndGlobalSection
	GlobalSection(ProjectConfigurationPlatforms) = postSolution
		{97D2E13B-9538-40C6-BFB5-E041683354CB}.Debug|Any CPU.ActiveCfg = Debug|Any CPU
		{97D2E13B-9538-40C6-BFB5-E041683354CB}.Debug|Any CPU.Build.0 = Debug|Any CPU
		{97D2E13B-9538-40C6-BFB5-E041683354CB}.Release|Any CPU.ActiveCfg = Release|Any CPU
		{97D2E13B-9538-40C6-BFB5-E041683354CB}.Release|Any CPU.Build.0 = Release|Any CPU
	EndGlobalSection
	GlobalSection(SolutionProperties) = preSolution
		HideSolutionNode = FALSE
	EndGlobalSection
	GlobalSection(ExtensibilityGlobals) = postSolution
		SolutionGuid = {858F0F05-EAFB-47B5-9945-41E86B9351C4}
	EndGlobalSection
EndGlobal
