
Microsoft Visual Studio Solution File, Format Version 12.00
# Visual Studio Version 17
VisualStudioVersion = 17.11.35222.181
MinimumVisualStudioVersion = 10.0.40219.1
Project("{FAE04EC0-301F-11D3-BF4B-00C04F79EFBC}") = "HW1_CharacterStory_JRB", "HW1_CharacterStory_JRB.csproj", "{C53752DF-56D7-4F0C-B7A8-7E5C094764D6}"
EndProject
Global
	GlobalSection(SolutionConfigurationPlatforms) = preSolution
		Debug|Any CPU = Debug|Any CPU
		Release|Any CPU = Release|Any CPU
	EndGlobalSection
	GlobalSection(ProjectConfigurationPlatforms) = postSolution
		{C53752DF-56D7-4F0C-B7A8-7E5C094764D6}.Debug|Any CPU.ActiveCfg = Debug|Any CPU
		{C53752DF-56D7-4F0C-B7A8-7E5C094764D6}.Debug|Any CPU.Build.0 = Debug|Any CPU
		{C53752DF-56D7-4F0C-B7A8-7E5C094764D6}.Release|Any CPU.ActiveCfg = Release|Any CPU
		{C53752DF-56D7-4F0C-B7A8-7E5C094764D6}.Release|Any CPU.Build.0 = Release|Any CPU
	EndGlobalSection
	GlobalSection(SolutionProperties) = preSolution
		HideSolutionNode = FALSE
	EndGlobalSection
	GlobalSection(ExtensibilityGlobals) = postSolution
		SolutionGuid = {67668824-43FF-471F-9F81-2A3B0FF1B028}
	EndGlobalSection
EndGlobal
