
Microsoft Visual Studio Solution File, Format Version 12.00
# Visual Studio Version 17
VisualStudioVersion = 17.11.35222.181
MinimumVisualStudioVersion = 10.0.40219.1
Project("{FAE04EC0-301F-11D3-BF4B-00C04F79EFBC}") = "PE_ArraysOfObjects_JRB", "PE_ArraysOfObjects_JRB.csproj", "{69FECEB8-8836-4897-A8D1-4A9079215D2A}"
EndProject
Global
	GlobalSection(SolutionConfigurationPlatforms) = preSolution
		Debug|Any CPU = Debug|Any CPU
		Release|Any CPU = Release|Any CPU
	EndGlobalSection
	GlobalSection(ProjectConfigurationPlatforms) = postSolution
		{69FECEB8-8836-4897-A8D1-4A9079215D2A}.Debug|Any CPU.ActiveCfg = Debug|Any CPU
		{69FECEB8-8836-4897-A8D1-4A9079215D2A}.Debug|Any CPU.Build.0 = Debug|Any CPU
		{69FECEB8-8836-4897-A8D1-4A9079215D2A}.Release|Any CPU.ActiveCfg = Release|Any CPU
		{69FECEB8-8836-4897-A8D1-4A9079215D2A}.Release|Any CPU.Build.0 = Release|Any CPU
	EndGlobalSection
	GlobalSection(SolutionProperties) = preSolution
		HideSolutionNode = FALSE
	EndGlobalSection
	GlobalSection(ExtensibilityGlobals) = postSolution
		SolutionGuid = {47BFB1D0-1685-41B7-807A-1FC19E25236D}
	EndGlobalSection
EndGlobal
