
Microsoft Visual Studio Solution File, Format Version 12.00
# Visual Studio Version 17
VisualStudioVersion = 17.11.35222.181
MinimumVisualStudioVersion = 10.0.40219.1
Project("{FAE04EC0-301F-11D3-BF4B-00C04F79EFBC}") = "PE_1DArrays_JRB", "PE_1DArrays_JRB.csproj", "{D82893B4-99AB-4958-8F68-46A6B289F02F}"
EndProject
Global
	GlobalSection(SolutionConfigurationPlatforms) = preSolution
		Debug|Any CPU = Debug|Any CPU
		Release|Any CPU = Release|Any CPU
	EndGlobalSection
	GlobalSection(ProjectConfigurationPlatforms) = postSolution
		{D82893B4-99AB-4958-8F68-46A6B289F02F}.Debug|Any CPU.ActiveCfg = Debug|Any CPU
		{D82893B4-99AB-4958-8F68-46A6B289F02F}.Debug|Any CPU.Build.0 = Debug|Any CPU
		{D82893B4-99AB-4958-8F68-46A6B289F02F}.Release|Any CPU.ActiveCfg = Release|Any CPU
		{D82893B4-99AB-4958-8F68-46A6B289F02F}.Release|Any CPU.Build.0 = Release|Any CPU
	EndGlobalSection
	GlobalSection(SolutionProperties) = preSolution
		HideSolutionNode = FALSE
	EndGlobalSection
	GlobalSection(ExtensibilityGlobals) = postSolution
		SolutionGuid = {6592F0B4-AEA4-47EA-863B-8A4770F3F290}
	EndGlobalSection
EndGlobal
