
Microsoft Visual Studio Solution File, Format Version 12.00
# Visual Studio Version 17
VisualStudioVersion = 17.11.35222.181
MinimumVisualStudioVersion = 10.0.40219.1
Project("{FAE04EC0-301F-11D3-BF4B-00C04F79EFBC}") = "PE_Magic8Ball_JRB", "PE_Magic8Ball_JRB.csproj", "{CA13F1D8-17BE-43D9-87B5-E319D870F1FE}"
EndProject
Global
	GlobalSection(SolutionConfigurationPlatforms) = preSolution
		Debug|Any CPU = Debug|Any CPU
		Release|Any CPU = Release|Any CPU
	EndGlobalSection
	GlobalSection(ProjectConfigurationPlatforms) = postSolution
		{CA13F1D8-17BE-43D9-87B5-E319D870F1FE}.Debug|Any CPU.ActiveCfg = Debug|Any CPU
		{CA13F1D8-17BE-43D9-87B5-E319D870F1FE}.Debug|Any CPU.Build.0 = Debug|Any CPU
		{CA13F1D8-17BE-43D9-87B5-E319D870F1FE}.Release|Any CPU.ActiveCfg = Release|Any CPU
		{CA13F1D8-17BE-43D9-87B5-E319D870F1FE}.Release|Any CPU.Build.0 = Release|Any CPU
	EndGlobalSection
	GlobalSection(SolutionProperties) = preSolution
		HideSolutionNode = FALSE
	EndGlobalSection
	GlobalSection(ExtensibilityGlobals) = postSolution
		SolutionGuid = {40AB2698-2282-4EEA-8A64-08B28BBDD992}
	EndGlobalSection
EndGlobal
